
Microsoft Visual Studio Solution File, Format Version 12.00
# Visual Studio Version 16
VisualStudioVersion = 16.0.30225.117
MinimumVisualStudioVersion = 10.0.40219.1
Project("{FAE04EC0-301F-11D3-BF4B-00C04F79EFBC}") = "Blog-infinity", "Blog-infinity\Blog-infinity.csproj", "{D2E6311C-3F06-4888-98FE-0C48D7BE1228}"
EndProject
Project("{FAE04EC0-301F-11D3-BF4B-00C04F79EFBC}") = "blog-infinity-dal", "blog-infinity-dal\blog-infinity-dal.csproj", "{D3A53346-8E0B-480C-84D0-3C3819DF7499}"
EndProject
Global
	GlobalSection(SolutionConfigurationPlatforms) = preSolution
		Debug|Any CPU = Debug|Any CPU
		Release|Any CPU = Release|Any CPU
	EndGlobalSection
	GlobalSection(ProjectConfigurationPlatforms) = postSolution
		{D2E6311C-3F06-4888-98FE-0C48D7BE1228}.Debug|Any CPU.ActiveCfg = Debug|Any CPU
		{D2E6311C-3F06-4888-98FE-0C48D7BE1228}.Debug|Any CPU.Build.0 = Debug|Any CPU
		{D2E6311C-3F06-4888-98FE-0C48D7BE1228}.Release|Any CPU.ActiveCfg = Release|Any CPU
		{D2E6311C-3F06-4888-98FE-0C48D7BE1228}.Release|Any CPU.Build.0 = Release|Any CPU
		{D3A53346-8E0B-480C-84D0-3C3819DF7499}.Debug|Any CPU.ActiveCfg = Debug|Any CPU
		{D3A53346-8E0B-480C-84D0-3C3819DF7499}.Debug|Any CPU.Build.0 = Debug|Any CPU
		{D3A53346-8E0B-480C-84D0-3C3819DF7499}.Release|Any CPU.ActiveCfg = Release|Any CPU
		{D3A53346-8E0B-480C-84D0-3C3819DF7499}.Release|Any CPU.Build.0 = Release|Any CPU
	EndGlobalSection
	GlobalSection(SolutionProperties) = preSolution
		HideSolutionNode = FALSE
	EndGlobalSection
	GlobalSection(ExtensibilityGlobals) = postSolution
		SolutionGuid = {2F611731-DFC6-4AB1-80CC-8FBF59113CF1}
	EndGlobalSection
EndGlobal
